
Microsoft Visual Studio Solution File, Format Version 12.00
# Visual Studio Version 17
VisualStudioVersion = 17.7.34031.279
MinimumVisualStudioVersion = 10.0.40219.1
Project("{9A19103F-16F7-4668-BE54-9A1E7A4F7556}") = "WY5JZF_HFT_2023241.Client", "WY5JZF_HFT_2023241.Client\WY5JZF_HFT_2023241.Client.csproj", "{8ADF3DB8-9B1D-4421-A121-516F01BF7516}"
EndProject
Project("{9A19103F-16F7-4668-BE54-9A1E7A4F7556}") = "WY5JZF_HFT_2023241.Models", "WY5JZF_HFT_2023241.Models\WY5JZF_HFT_2023241.Models.csproj", "{6B0EA6C9-7CDF-4360-B806-FEBE0D055F42}"
EndProject
Project("{9A19103F-16F7-4668-BE54-9A1E7A4F7556}") = "WY5JZF_HFT_2023241.Logic", "WY5JZF_HFT_2023241.Logic\WY5JZF_HFT_2023241.Logic.csproj", "{FEB2C4F5-C3D7-4046-A3EF-5A956563693F}"
EndProject
Project("{9A19103F-16F7-4668-BE54-9A1E7A4F7556}") = "WY5JZF_HFT_2023241.Repository", "WY5JZF_HFT_2023241.Repository\WY5JZF_HFT_2023241.Repository.csproj", "{9AD596AB-B7B7-4A43-8160-67446F96AF97}"
EndProject
Project("{9A19103F-16F7-4668-BE54-9A1E7A4F7556}") = "WY5JZF_HFT_2023241.Test", "WY5JZF_HFT_2023241.Test\WY5JZF_HFT_2023241.Test.csproj", "{F50FD3E3-2E20-4F81-9808-6820D97BCF0E}"
EndProject
Project("{2150E333-8FDC-42A3-9474-1A3956D46DE8}") = "Backend", "Backend", "{12A0641F-5F03-41DD-8EA3-01E2E5063E5A}"
EndProject
Project("{2150E333-8FDC-42A3-9474-1A3956D46DE8}") = "Frontend", "Frontend", "{CD5281CB-579D-4C83-AACC-608F42A8F44C}"
EndProject
Project("{2150E333-8FDC-42A3-9474-1A3956D46DE8}") = "Shared", "Shared", "{42D396C6-1C9F-48A6-A4E0-B27739FF8109}"
EndProject
Project("{2150E333-8FDC-42A3-9474-1A3956D46DE8}") = "Others", "Others", "{3487D0D0-1D1B-42CA-994D-E01ABF05F41A}"
	ProjectSection(SolutionItems) = preProject
		.gitignore = .gitignore
	EndProjectSection
EndProject
Project("{9A19103F-16F7-4668-BE54-9A1E7A4F7556}") = "WY5JZF_HFT_2023241.Endpoint", "WY5JZF_HFT_2023241.Endpoint\WY5JZF_HFT_2023241.Endpoint.csproj", "{42112C01-A932-49A3-8A0C-53E263C4031A}"
EndProject
Project("{9A19103F-16F7-4668-BE54-9A1E7A4F7556}") = "WY5JZF_GUI_2023242.WPFClient", "WY5JZF_GUI_2023242.WPFClient\WY5JZF_GUI_2023242.WPFClient.csproj", "{48015BC3-B95A-44AB-A73B-DC176B7EF887}"
EndProject
Project("{FAE04EC0-301F-11D3-BF4B-00C04F79EFBC}") = "WY5JZF_GUI_2023242.JSClient", "WY5JZF_GUI_2023242.JSClient\WY5JZF_GUI_2023242.JSClient.csproj", "{71E12008-A8A0-4782-B59F-DA54510E9E4B}"
EndProject
Global
	GlobalSection(SolutionConfigurationPlatforms) = preSolution
		Debug|Any CPU = Debug|Any CPU
		Release|Any CPU = Release|Any CPU
	EndGlobalSection
	GlobalSection(ProjectConfigurationPlatforms) = postSolution
		{8ADF3DB8-9B1D-4421-A121-516F01BF7516}.Debug|Any CPU.ActiveCfg = Debug|Any CPU
		{8ADF3DB8-9B1D-4421-A121-516F01BF7516}.Debug|Any CPU.Build.0 = Debug|Any CPU
		{8ADF3DB8-9B1D-4421-A121-516F01BF7516}.Release|Any CPU.ActiveCfg = Release|Any CPU
		{8ADF3DB8-9B1D-4421-A121-516F01BF7516}.Release|Any CPU.Build.0 = Release|Any CPU
		{6B0EA6C9-7CDF-4360-B806-FEBE0D055F42}.Debug|Any CPU.ActiveCfg = Debug|Any CPU
		{6B0EA6C9-7CDF-4360-B806-FEBE0D055F42}.Debug|Any CPU.Build.0 = Debug|Any CPU
		{6B0EA6C9-7CDF-4360-B806-FEBE0D055F42}.Release|Any CPU.ActiveCfg = Release|Any CPU
		{6B0EA6C9-7CDF-4360-B806-FEBE0D055F42}.Release|Any CPU.Build.0 = Release|Any CPU
		{FEB2C4F5-C3D7-4046-A3EF-5A956563693F}.Debug|Any CPU.ActiveCfg = Debug|Any CPU
		{FEB2C4F5-C3D7-4046-A3EF-5A956563693F}.Debug|Any CPU.Build.0 = Debug|Any CPU
		{FEB2C4F5-C3D7-4046-A3EF-5A956563693F}.Release|Any CPU.ActiveCfg = Release|Any CPU
		{FEB2C4F5-C3D7-4046-A3EF-5A956563693F}.Release|Any CPU.Build.0 = Release|Any CPU
		{9AD596AB-B7B7-4A43-8160-67446F96AF97}.Debug|Any CPU.ActiveCfg = Debug|Any CPU
		{9AD596AB-B7B7-4A43-8160-67446F96AF97}.Debug|Any CPU.Build.0 = Debug|Any CPU
		{9AD596AB-B7B7-4A43-8160-67446F96AF97}.Release|Any CPU.ActiveCfg = Release|Any CPU
		{9AD596AB-B7B7-4A43-8160-67446F96AF97}.Release|Any CPU.Build.0 = Release|Any CPU
		{F50FD3E3-2E20-4F81-9808-6820D97BCF0E}.Debug|Any CPU.ActiveCfg = Debug|Any CPU
		{F50FD3E3-2E20-4F81-9808-6820D97BCF0E}.Debug|Any CPU.Build.0 = Debug|Any CPU
		{F50FD3E3-2E20-4F81-9808-6820D97BCF0E}.Release|Any CPU.ActiveCfg = Release|Any CPU
		{F50FD3E3-2E20-4F81-9808-6820D97BCF0E}.Release|Any CPU.Build.0 = Release|Any CPU
		{42112C01-A932-49A3-8A0C-53E263C4031A}.Debug|Any CPU.ActiveCfg = Debug|Any CPU
		{42112C01-A932-49A3-8A0C-53E263C4031A}.Debug|Any CPU.Build.0 = Debug|Any CPU
		{42112C01-A932-49A3-8A0C-53E263C4031A}.Release|Any CPU.ActiveCfg = Release|Any CPU
		{42112C01-A932-49A3-8A0C-53E263C4031A}.Release|Any CPU.Build.0 = Release|Any CPU
		{48015BC3-B95A-44AB-A73B-DC176B7EF887}.Debug|Any CPU.ActiveCfg = Debug|Any CPU
		{48015BC3-B95A-44AB-A73B-DC176B7EF887}.Debug|Any CPU.Build.0 = Debug|Any CPU
		{48015BC3-B95A-44AB-A73B-DC176B7EF887}.Release|Any CPU.ActiveCfg = Release|Any CPU
		{48015BC3-B95A-44AB-A73B-DC176B7EF887}.Release|Any CPU.Build.0 = Release|Any CPU
		{71E12008-A8A0-4782-B59F-DA54510E9E4B}.Debug|Any CPU.ActiveCfg = Debug|Any CPU
		{71E12008-A8A0-4782-B59F-DA54510E9E4B}.Debug|Any CPU.Build.0 = Debug|Any CPU
		{71E12008-A8A0-4782-B59F-DA54510E9E4B}.Release|Any CPU.ActiveCfg = Release|Any CPU
		{71E12008-A8A0-4782-B59F-DA54510E9E4B}.Release|Any CPU.Build.0 = Release|Any CPU
	EndGlobalSection
	GlobalSection(SolutionProperties) = preSolution
		HideSolutionNode = FALSE
	EndGlobalSection
	GlobalSection(NestedProjects) = preSolution
		{8ADF3DB8-9B1D-4421-A121-516F01BF7516} = {CD5281CB-579D-4C83-AACC-608F42A8F44C}
		{6B0EA6C9-7CDF-4360-B806-FEBE0D055F42} = {42D396C6-1C9F-48A6-A4E0-B27739FF8109}
		{FEB2C4F5-C3D7-4046-A3EF-5A956563693F} = {12A0641F-5F03-41DD-8EA3-01E2E5063E5A}
		{9AD596AB-B7B7-4A43-8160-67446F96AF97} = {12A0641F-5F03-41DD-8EA3-01E2E5063E5A}
		{F50FD3E3-2E20-4F81-9808-6820D97BCF0E} = {12A0641F-5F03-41DD-8EA3-01E2E5063E5A}
		{42112C01-A932-49A3-8A0C-53E263C4031A} = {12A0641F-5F03-41DD-8EA3-01E2E5063E5A}
		{48015BC3-B95A-44AB-A73B-DC176B7EF887} = {CD5281CB-579D-4C83-AACC-608F42A8F44C}
	EndGlobalSection
	GlobalSection(ExtensibilityGlobals) = postSolution
		SolutionGuid = {48BBF642-B78D-40D8-A569-32762D44A9E8}
	EndGlobalSection
EndGlobal
